
Microsoft Visual Studio Solution File, Format Version 12.00
# Visual Studio Version 16
VisualStudioVersion = 16.0.29418.71
MinimumVisualStudioVersion = 10.0.40219.1
Project("{FAE04EC0-301F-11D3-BF4B-00C04F79EFBC}") = "quick-music-player", "quick-music-player\quick-music-player.csproj", "{7279DEA7-8A4D-4A86-A01A-99366D1648E3}"
EndProject
Project("{54435603-DBB4-11D2-8724-00A0C9A8B90C}") = "QuickMusicPlayer-Setup", "QuickMusicPlayer-Setup\QuickMusicPlayer-Setup.vdproj", "{51A9ED6C-6E79-490F-B86E-6DF848645EDD}"
EndProject
Global
	GlobalSection(SolutionConfigurationPlatforms) = preSolution
		Debug|Any CPU = Debug|Any CPU
		Release|Any CPU = Release|Any CPU
	EndGlobalSection
	GlobalSection(ProjectConfigurationPlatforms) = postSolution
		{7279DEA7-8A4D-4A86-A01A-99366D1648E3}.Debug|Any CPU.ActiveCfg = Debug|Any CPU
		{7279DEA7-8A4D-4A86-A01A-99366D1648E3}.Debug|Any CPU.Build.0 = Debug|Any CPU
		{7279DEA7-8A4D-4A86-A01A-99366D1648E3}.Release|Any CPU.ActiveCfg = Release|Any CPU
		{7279DEA7-8A4D-4A86-A01A-99366D1648E3}.Release|Any CPU.Build.0 = Release|Any CPU
		{51A9ED6C-6E79-490F-B86E-6DF848645EDD}.Debug|Any CPU.ActiveCfg = Debug
		{51A9ED6C-6E79-490F-B86E-6DF848645EDD}.Release|Any CPU.ActiveCfg = Release
	EndGlobalSection
	GlobalSection(SolutionProperties) = preSolution
		HideSolutionNode = FALSE
	EndGlobalSection
	GlobalSection(ExtensibilityGlobals) = postSolution
		SolutionGuid = {247EA5C3-ACE9-4822-BC0D-72023D1CD5A7}
	EndGlobalSection
EndGlobal
